
Microsoft Visual Studio Solution File, Format Version 12.00
# Visual Studio 2012
Project("{FAE04EC0-301F-11D3-BF4B-00C04F79EFBC}") = "DemonstraOnfluxSchema", "DemonstraOnfluxSchema.csproj", "{DF036798-33A9-46F4-840C-9FB97251F880}"
	ProjectSection(ProjectDependencies) = postProject
		{9319691F-3883-4D86-88F4-E6493123D450} = {9319691F-3883-4D86-88F4-E6493123D450}
	EndProjectSection
EndProject
Project("{FAE04EC0-301F-11D3-BF4B-00C04F79EFBC}") = "OnflxFormSchemaV1", "..\..\..\OnflxFormSchemaV1\OnflxFormSchemaV1\OnflxFormSchemaV1.csproj", "{9319691F-3883-4D86-88F4-E6493123D450}"
EndProject
Project("{F184B08F-C81C-45F6-A57F-5ABD9991F28F}") = "ConsoleApplication1", "..\ConsoleApplication1\ConsoleApplication1.vbproj", "{5BB1F8DB-7194-4076-A445-1A9BA1174213}"
EndProject
Global
	GlobalSection(SolutionConfigurationPlatforms) = preSolution
		Debug|Any CPU = Debug|Any CPU
		Release|Any CPU = Release|Any CPU
	EndGlobalSection
	GlobalSection(ProjectConfigurationPlatforms) = postSolution
		{DF036798-33A9-46F4-840C-9FB97251F880}.Debug|Any CPU.ActiveCfg = Debug|Any CPU
		{DF036798-33A9-46F4-840C-9FB97251F880}.Debug|Any CPU.Build.0 = Debug|Any CPU
		{DF036798-33A9-46F4-840C-9FB97251F880}.Release|Any CPU.ActiveCfg = Release|Any CPU
		{DF036798-33A9-46F4-840C-9FB97251F880}.Release|Any CPU.Build.0 = Release|Any CPU
		{9319691F-3883-4D86-88F4-E6493123D450}.Debug|Any CPU.ActiveCfg = Debug|Any CPU
		{9319691F-3883-4D86-88F4-E6493123D450}.Debug|Any CPU.Build.0 = Debug|Any CPU
		{9319691F-3883-4D86-88F4-E6493123D450}.Release|Any CPU.ActiveCfg = Release|Any CPU
		{9319691F-3883-4D86-88F4-E6493123D450}.Release|Any CPU.Build.0 = Release|Any CPU
		{5BB1F8DB-7194-4076-A445-1A9BA1174213}.Debug|Any CPU.ActiveCfg = Debug|Any CPU
		{5BB1F8DB-7194-4076-A445-1A9BA1174213}.Debug|Any CPU.Build.0 = Debug|Any CPU
		{5BB1F8DB-7194-4076-A445-1A9BA1174213}.Release|Any CPU.ActiveCfg = Release|Any CPU
		{5BB1F8DB-7194-4076-A445-1A9BA1174213}.Release|Any CPU.Build.0 = Release|Any CPU
	EndGlobalSection
	GlobalSection(SolutionProperties) = preSolution
		HideSolutionNode = FALSE
	EndGlobalSection
EndGlobal
